
Microsoft Visual Studio Solution File, Format Version 12.00
# Visual Studio Version 17
VisualStudioVersion = 17.9.34723.18
MinimumVisualStudioVersion = 10.0.40219.1
Project("{FAE04EC0-301F-11D3-BF4B-00C04F79EFBC}") = "NotebookApp", "NotebookApp.csproj", "{3CC2E084-6E84-4184-BA0E-90A4E1F05590}"
EndProject
Global
	GlobalSection(SolutionConfigurationPlatforms) = preSolution
		Debug|Any CPU = Debug|Any CPU
		Release|Any CPU = Release|Any CPU
	EndGlobalSection
	GlobalSection(ProjectConfigurationPlatforms) = postSolution
		{3CC2E084-6E84-4184-BA0E-90A4E1F05590}.Debug|Any CPU.ActiveCfg = Debug|Any CPU
		{3CC2E084-6E84-4184-BA0E-90A4E1F05590}.Debug|Any CPU.Build.0 = Debug|Any CPU
		{3CC2E084-6E84-4184-BA0E-90A4E1F05590}.Release|Any CPU.ActiveCfg = Release|Any CPU
		{3CC2E084-6E84-4184-BA0E-90A4E1F05590}.Release|Any CPU.Build.0 = Release|Any CPU
	EndGlobalSection
	GlobalSection(SolutionProperties) = preSolution
		HideSolutionNode = FALSE
	EndGlobalSection
	GlobalSection(ExtensibilityGlobals) = postSolution
		SolutionGuid = {44CB0A81-DE95-464E-9550-B49D6ABE38DA}
	EndGlobalSection
EndGlobal
